{
  "version": 2,
  "dependencies": {
    "net8.0": {
      "FsCheck": {
        "type": "Direct",
        "requested": "[3.4.0, )",
        "resolved": "3.4.0",
        "contentHash": "wkWR1DORrKd46W6MEhmS4muo/0kgrtUV/AGW1ohMWemy7WukcRH8T3JjkDpn/daOHk0yVqf0CBvScU17Ab//PA==",
        "dependencies": {
          "FSharp.Core": "5.0.2"
        }
      },
      "Microsoft.CodeAnalysis.CSharp": {
        "type": "Direct",
        "requested": "[5.0.0, )",
        "resolved": "5.0.0",
        "contentHash": "5DSyJ9bk+ATuDy7fp2Zt0mJStDVKbBoiz1DyfAwSa+k4H4IwykAUcV3URelw5b8/iVbfSaOwkwmPUZH6opZKCw==",
        "dependencies": {
          "Microsoft.CodeAnalysis.Analyzers": "3.11.0",
          "Microsoft.CodeAnalysis.Common": "[5.0.0]",
          "System.Collections.Immutable": "9.0.0",
          "System.Reflection.Metadata": "9.0.0"
        }
      },
      "Microsoft.EntityFrameworkCore.Design": {
        "type": "Direct",
        "requested": "[8.0.31, )",
        "resolved": "8.0.31",
        "contentHash": "hBrf5UObI52y54tQmXompjbEIfen7Fu2royXZDdJ883zBnUU5HcHRGTbKVdD9b1rKZbaxas6Vhy61XcA4YcpQg==",
        "dependencies": {
          "Humanizer.Core": "2.14.1",
          "Microsoft.CodeAnalysis.CSharp.Workspaces": "4.5.0",
          "Microsoft.EntityFrameworkCore.Relational": "8.0.31",
          "Microsoft.Extensions.DependencyModel": "8.0.2",
          "Mono.TextTemplating": "2.2.1"
        }
      },
      "Microsoft.EntityFrameworkCore.InMemory": {
        "type": "Direct",
        "requested": "[9.0.20, )",
        "resolved": "9.0.20",
        "contentHash": "68lDphjXUSPNsU7GGcVw/e7S2ewTqcPxJyE7lJ/Hbhw/+pmYcw0slVuEtZuAXr023Tj1x52fl4LcxEuzvO+7JQ==",
        "dependencies": {
          "Microsoft.EntityFrameworkCore": "9.0.20",
          "Microsoft.Extensions.Caching.Memory": "9.0.20",
          "Microsoft.Extensions.Logging": "9.0.20"
        }
      },
      "Microsoft.Extensions.Configuration.Json": {
        "type": "Direct",
        "requested": "[10.0.12, )",
        "resolved": "10.0.12",
        "contentHash": "H4u2ZeIhjmRQvbHj7S7U4MK1kXb0khx3UtOWcir32VHczdFyIVF0lvHew/VVHmCF7Uk0QseAUaO7HyFKOCSiKA==",
        "dependencies": {
          "Microsoft.Extensions.Configuration": "10.0.12",
          "Microsoft.Extensions.Configuration.Abstractions": "10.0.12",
          "Microsoft.Extensions.Configuration.FileExtensions": "10.0.12",
          "Microsoft.Extensions.FileProviders.Abstractions": "10.0.12",
          "System.Text.Json": "10.0.12"
        }
      },
      "Microsoft.Extensions.Configuration.UserSecrets": {
        "type": "Direct",
        "requested": "[10.0.12, )",
        "resolved": "10.0.12",
        "contentHash": "2OtyTIt0/tkChr3inq9Y0c34xogxXW//68gvPzIWgKwyVR4x82RSGVSZfV+ZgG13zrKBzqjaI23wpUCfKpY2yQ==",
        "dependencies": {
          "Microsoft.Extensions.Configuration.Abstractions": "10.0.12",
          "Microsoft.Extensions.Configuration.Json": "10.0.12",
          "Microsoft.Extensions.FileProviders.Abstractions": "10.0.12",
          "Microsoft.Extensions.FileProviders.Physical": "10.0.12"
        }
      },
      "Microsoft.Extensions.DependencyInjection": {
        "type": "Direct",
        "requested": "[10.0.12, )",
        "resolved": "10.0.12",
        "contentHash": "lXyK2O5GoYvfxW8eCFcD16JFbcoSTM1sJkAM0UHS1jZyl9NYMW64Tqm6OQFT0IDBjZi+xHt95/Zg+nxZhGFhZg==",
        "dependencies": {
          "Microsoft.Extensions.DependencyInjection.Abstractions": "10.0.12"
        }
      },
      "Microsoft.Extensions.Logging": {
        "type": "Direct",
        "requested": "[10.0.12, )",
        "resolved": "10.0.12",
        "contentHash": "6I46fTPfgYkrjRYfRXbho9WOvOelTnNjWuZws/hzGHDASH1LEJeA4VKK9k3wJvido8o7jJSB5WkMTonX7HM1bA==",
        "dependencies": {
          "Microsoft.Extensions.DependencyInjection": "10.0.12",
          "Microsoft.Extensions.Logging.Abstractions": "10.0.12",
          "Microsoft.Extensions.Options": "10.0.12"
        }
      },
      "Microsoft.SqlServer.TransactSql.ScriptDom": {
        "type": "Direct",
        "requested": "[180.117.0, )",
        "resolved": "180.117.0",
        "contentHash": "VMaO1kz5dbufYly4jl+CUhrq0X+zb/3uTE16izqKi3lIDq1aYfWxxRxsj31KnwU1sMKLTyhhBYW+LMZBJyFBqg=="
      },
      "TEC.Vault.AzureKeyVault": {
        "type": "Direct",
        "requested": "[0.0.1, )",
        "resolved": "0.0.1",
        "contentHash": "VLEIF8ZDU1e67O1Ta7/e3ClIJMs0Yv9/Ncm2bbckavoyCwAyYTvxyw2pxTGH/y7YBudQHgL6JNgh31SYcDV7eA==",
        "dependencies": {
          "Azure.Identity": "1.21.0",
          "Azure.Security.KeyVault.Certificates": "4.9.2",
          "Azure.Security.KeyVault.Keys": "4.10.2",
          "Azure.Security.KeyVault.Secrets": "4.11.2",
          "Microsoft.Extensions.Caching.Memory": "10.0.12",
          "Microsoft.Extensions.Configuration": "10.0.12",
          "Microsoft.Extensions.Diagnostics.HealthChecks": "10.0.12",
          "Microsoft.Extensions.Hosting.Abstractions": "10.0.12",
          "Microsoft.Extensions.Logging.Abstractions": "10.0.12",
          "TEC.Core": "0.0.1",
          "TEC.Vault": "0.0.1"
        }
      },
      "TEC.Vault.InMemory": {
        "type": "Direct",
        "requested": "[0.0.1, )",
        "resolved": "0.0.1",
        "contentHash": "tbWZoQN8KYfpRHxwZJvZm0GYruC6ptiKXC99hRMJ3V2tWvJRtOQHVllvMuNfB05NWJA8M6ZcrZPXJbJYutU06A==",
        "dependencies": {
          "Microsoft.Extensions.Caching.Memory": "10.0.12",
          "Microsoft.Extensions.Configuration": "10.0.12",
          "Microsoft.Extensions.Diagnostics.HealthChecks": "10.0.12",
          "Microsoft.Extensions.Hosting.Abstractions": "10.0.12",
          "Microsoft.Extensions.Logging.Abstractions": "10.0.12",
          "TEC.Core": "0.0.1",
          "TEC.Vault": "0.0.1"
        }
      },
      "TUnit": {
        "type": "Direct",
        "requested": "[1.72.16, )",
        "resolved": "1.72.16",
        "contentHash": "sxLx3MEqtZuPAuRbvHEFAlBYhEoPgEh7fJDiTrFK+k4w4rZXHpgWgdu0H5CJ26XPj4mgGo6xNr26BFlt7NjgZg==",
        "dependencies": {
          "Microsoft.Testing.Extensions.CodeCoverage": "18.11.2",
          "Microsoft.Testing.Extensions.Telemetry": "2.4.1",
          "Microsoft.Testing.Extensions.TrxReport": "2.4.1",
          "TUnit.Assertions": "1.72.16",
          "TUnit.Engine": "1.72.16"
        }
      },
      "Azure.Core": {
        "type": "Transitive",
        "resolved": "1.57.0",
        "contentHash": "POStMP+rxaAEYScwGBpIUcnEpSj/3ctYmCmt2IqU3recuAjjddEgTq4q4TLImEdQCfsFr/HpEuYjiY/wKeAprQ==",
        "dependencies": {
          "Microsoft.Bcl.AsyncInterfaces": "10.0.3",
          "Microsoft.Extensions.Configuration.Abstractions": "10.0.3",
          "Microsoft.Extensions.Hosting.Abstractions": "10.0.3",
          "Microsoft.Identity.Client": "4.83.1",
          "Microsoft.Identity.Client.Extensions.Msal": "4.83.1",
          "System.ClientModel": "1.13.0",
          "System.Diagnostics.DiagnosticSource": "10.0.3",
          "System.Memory.Data": "10.0.3",
          "System.Text.Encodings.Web": "10.0.3",
          "System.Text.Json": "10.0.3"
        }
      },
      "Azure.Identity": {
        "type": "Transitive",
        "resolved": "1.21.0",
        "contentHash": "GeFv8sGwRKvDKwI2WFy8r0mhmlxEVZg24Sit2NogTjiSO8RVjllWM65OT6e1sKjOvG8V74y7hAbaELUUPjZQSw==",
        "dependencies": {
          "Azure.Core": "1.53.0"
        }
      },
      "Azure.Security.KeyVault.Certificates": {
        "type": "Transitive",
        "resolved": "4.9.2",
        "contentHash": "zPH6TSnC4ThLeVcQghm+pwgV/PEgao5D2dVG93p5TVXXHqqVen4NvGLA+WfySMieRlb+HZCQvRHk/eYg1kmqdw==",
        "dependencies": {
          "Azure.Core": "1.57.0"
        }
      },
      "Azure.Security.KeyVault.Keys": {
        "type": "Transitive",
        "resolved": "4.10.2",
        "contentHash": "Md0YYVe0cGgLbgVW5tdOn3f78Pdp93rJ6DJZGKQbdBbjEysKdTLn8X5uTml/TTxJ1j1e6pY2kRV6iT7Ry+Z8Jg==",
        "dependencies": {
          "Azure.Core": "1.54.0"
        }
      },
      "Azure.Security.KeyVault.Secrets": {
        "type": "Transitive",
        "resolved": "4.11.2",
        "contentHash": "23VoXpEhSw7jLuG4qKx3tHjosBf02NOtwrjh/HOIpKSL5iHIDur5xWmR78wQ9WDQk+ganZH4Lx2nYmthTQ3Phw==",
        "dependencies": {
          "Azure.Core": "1.54.0"
        }
      },
      "FSharp.Core": {
        "type": "Transitive",
        "resolved": "5.0.2",
        "contentHash": "DpcajqENgb3VXaHw1FKfVS+TWwEzck1PCajqLwBAVrtd1lfxd7T8JISVZBdV1mX9+2g48+tIgpNaVJWObdMrBw=="
      },
      "Humanizer.Core": {
        "type": "Transitive",
        "resolved": "2.14.1",
        "contentHash": "lQKvtaTDOXnoVJ20ibTuSIOf2i0uO0MPbDhd1jm238I+U/2ZnRENj0cktKZhtchBMtCUSRQ5v4xBCUbKNmyVMw=="
      },
      "Microsoft.ApplicationInsights": {
        "type": "Transitive",
        "resolved": "2.23.0",
        "contentHash": "nWArUZTdU7iqZLycLKWe0TDms48KKGE6pONH2terYNa8REXiqixrMOkf1sk5DHGMaUTqONU2YkS4SAXBhLStgw==",
        "dependencies": {
          "System.Diagnostics.DiagnosticSource": "5.0.0"
        }
      },
      "Microsoft.Bcl.AsyncInterfaces": {
        "type": "Transitive",
        "resolved": "10.0.12",
        "contentHash": "vHPomsJPqUvf1ExdzCCSEUMQqloONPTBMGqNqBUdr4UgSTs9bCzH1oLkuS6WgUgIu+xqWngQbjelUBNlDuzLWQ=="
      },
      "Microsoft.CodeAnalysis.Common": {
        "type": "Transitive",
        "resolved": "5.0.0",
        "contentHash": "ZXRAdvH6GiDeHRyd3q/km8Z44RoM6FBWHd+gen/la81mVnAdHTEsEkO5J0TCNXBymAcx5UYKt5TvgKBhaLJEow==",
        "dependencies": {
          "Microsoft.CodeAnalysis.Analyzers": "3.11.0",
          "System.Collections.Immutable": "9.0.0",
          "System.Reflection.Metadata": "9.0.0"
        }
      },
      "Microsoft.CodeAnalysis.CSharp.Workspaces": {
        "type": "Transitive",
        "resolved": "4.5.0",
        "contentHash": "h74wTpmGOp4yS4hj+EvNzEiPgg/KVs2wmSfTZ81upJZOtPkJsVkgfsgtxxqmAeapjT/vLKfmYV0bS8n5MNVP+g==",
        "dependencies": {
          "Humanizer.Core": "2.14.1",
          "Microsoft.CodeAnalysis.CSharp": "[4.5.0]",
          "Microsoft.CodeAnalysis.Common": "[4.5.0]",
          "Microsoft.CodeAnalysis.Workspaces.Common": "[4.5.0]"
        }
      },
      "Microsoft.CodeAnalysis.Workspaces.Common": {
        "type": "Transitive",
        "resolved": "4.5.0",
        "contentHash": "l4dDRmGELXG72XZaonnOeORyD/T5RpEu5LGHOUIhnv+MmUWDY/m1kWXGwtcgQ5CJ5ynkFiRnIYzTKXYjUs7rbw==",
        "dependencies": {
          "Humanizer.Core": "2.14.1",
          "Microsoft.Bcl.AsyncInterfaces": "6.0.0",
          "Microsoft.CodeAnalysis.Common": "[4.5.0]",
          "System.Composition": "6.0.0",
          "System.IO.Pipelines": "6.0.3",
          "System.Threading.Channels": "6.0.0"
        }
      },
      "Microsoft.CSharp": {
        "type": "Transitive",
        "resolved": "4.5.0",
        "contentHash": "kaj6Wb4qoMuH3HySFJhxwQfe8R/sJsNJnANrvv8WdFPMoNbKY5htfNscv+LHCu5ipz+49m2e+WQXpLXr9XYemQ=="
      },
      "Microsoft.Data.SqlClient": {
        "type": "Transitive",
        "resolved": "5.1.9",
        "contentHash": "31zfZiv3yfHL8UO30zWMxLnd2NXgUo2drtI4VhAW/96QhCPLKxXosvPUWWHI0SivZ+bJLAmBUSNcVl8UMCLaeg==",
        "dependencies": {
          "Azure.Core": "1.41.0",
          "Azure.Identity": "1.12.1",
          "Microsoft.Data.SqlClient.SNI.runtime": "5.1.2",
          "Microsoft.Identity.Client": "4.76.0",
          "Microsoft.IdentityModel.JsonWebTokens": "6.35.0",
          "Microsoft.IdentityModel.Protocols.OpenIdConnect": "6.35.0",
          "Microsoft.SqlServer.Server": "1.0.0",
          "System.Configuration.ConfigurationManager": "6.0.1",
          "System.IdentityModel.Tokens.Jwt": "6.35.0",
          "System.Runtime.Caching": "6.0.0",
          "System.Security.Permissions": "6.0.0",
          "System.Security.Principal.Windows": "5.0.0",
          "System.Text.Encoding.CodePages": "6.0.0"
        }
      },
      "Microsoft.Data.SqlClient.SNI.runtime": {
        "type": "Transitive",
        "resolved": "5.1.2",
        "contentHash": "Q3mjL/oG7rYKDI1D34HLxf0FvhEAwOGzbiDfwv9/HaGP9f9yNV8KeXAS6ehxOaoBNqBRM6sTA19f9XVtf8rvLA=="
      },
      "Microsoft.DiaSymReader": {
        "type": "Transitive",
        "resolved": "2.2.10",
        "contentHash": "zmGsm6b2y3STDa/Of7rdkkfTDV8VuGB8aCqIkLoJIQh5tL78K3zJ8OUyFKnfsaORXmGr9iOKwDkZfUjeXi+CwA=="
      },
      "Microsoft.EntityFrameworkCore": {
        "type": "Transitive",
        "resolved": "9.0.20",
        "contentHash": "52/3+48fTVcVQopie1SZLLenAuyrG0Enr1eAEbw05b22dl6nbC8V0UHLFknodJOrVcqdYR1Pf6FMbNvvWuhB5A==",
        "dependencies": {
          "Microsoft.EntityFrameworkCore.Abstractions": "9.0.20",
          "Microsoft.EntityFrameworkCore.Analyzers": "9.0.20",
          "Microsoft.Extensions.Caching.Memory": "9.0.20",
          "Microsoft.Extensions.Logging": "9.0.20"
        }
      },
      "Microsoft.EntityFrameworkCore.Abstractions": {
        "type": "Transitive",
        "resolved": "9.0.20",
        "contentHash": "ity/Y3MG2hAxK/na+9vp0XQ6kDDwZ8thJfCl+MSBhRNyXgaBtb16SyX2W0uFL44k6BHDmohybJQSRXnjkI4jtA=="
      },
      "Microsoft.EntityFrameworkCore.Analyzers": {
        "type": "Transitive",
        "resolved": "9.0.20",
        "contentHash": "WCNEWRZGuYycp0vU9aAfEKGZOr7hGrJP4SpJkl2KzXzKqH9UY/2h6j2L3JYa/AZbKD7EffQGk09NmyEcml/OwQ=="
      },
      "Microsoft.EntityFrameworkCore.Relational": {
        "type": "Transitive",
        "resolved": "8.0.31",
        "contentHash": "n3okTRjH9rovMpp2rXrqsI+AUFbaykwOg1IOqVN4MKh1E3lqOd6oTRiUh67W4zFj8C4GOM/e1GSNbDQCn73LFg==",
        "dependencies": {
          "Microsoft.EntityFrameworkCore": "8.0.31",
          "Microsoft.Extensions.Configuration.Abstractions": "8.0.0"
        }
      },
      "Microsoft.Extensions.Caching.Abstractions": {
        "type": "Transitive",
        "resolved": "10.0.12",
        "contentHash": "sI3A6MUAyZwccLnwq0cXuRmC3WBtXieimBWafXSfhRJ4jnM2uGVXrqImDDVyW27u4vVaTOGlJxNJd8d1FGvCNQ==",
        "dependencies": {
          "Microsoft.Extensions.Primitives": "10.0.12"
        }
      },
      "Microsoft.Extensions.Caching.Memory": {
        "type": "Transitive",
        "resolved": "10.0.12",
        "contentHash": "fhC3DHcBcFF4bXvHIxFtXJYNut7q7ZItqNFcgWfrIgmpVImlcEKNHhE7ztpNSPJYMHYYStS5QGND2I5mC26yeA==",
        "dependencies": {
          "Microsoft.Extensions.Caching.Abstractions": "10.0.12",
          "Microsoft.Extensions.DependencyInjection.Abstractions": "10.0.12",
          "Microsoft.Extensions.Logging.Abstractions": "10.0.12",
          "Microsoft.Extensions.Options": "10.0.12",
          "Microsoft.Extensions.Primitives": "10.0.12"
        }
      },
      "Microsoft.Extensions.Configuration": {
        "type": "Transitive",
        "resolved": "10.0.12",
        "contentHash": "e3IPP32CRNL031VZJAUTlCTG0YN7WFh4mN3fsSHTDQCJB+3+f0jGycv4fXk3rrftaY3B85XrQaj7sRthrOsavg==",
        "dependencies": {
          "Microsoft.Extensions.Configuration.Abstractions": "10.0.12",
          "Microsoft.Extensions.Primitives": "10.0.12"
        }
      },
      "Microsoft.Extensions.Configuration.Abstractions": {
        "type": "Transitive",
        "resolved": "10.0.12",
        "contentHash": "8xaGcvS/qZ1otoxPQCEJkNva389CVL/plNcvIETZhQTETYdRkYDPEYhUMoAGONo4FU45ufdfE0j29AfWVVj0wA==",
        "dependencies": {
          "Microsoft.Extensions.Primitives": "10.0.12"
        }
      },
      "Microsoft.Extensions.Configuration.FileExtensions": {
        "type": "Transitive",
        "resolved": "10.0.12",
        "contentHash": "PNPS7yYH9U2M0dExn0tMkQFVtE53xTlCs/dgTfsWTTFyCF6qwGT3VrTgm2nnnkSRlSmvM9/J+n9xCpyzd9xTpQ==",
        "dependencies": {
          "Microsoft.Extensions.Configuration": "10.0.12",
          "Microsoft.Extensions.Configuration.Abstractions": "10.0.12",
          "Microsoft.Extensions.FileProviders.Abstractions": "10.0.12",
          "Microsoft.Extensions.FileProviders.Physical": "10.0.12",
          "Microsoft.Extensions.Primitives": "10.0.12"
        }
      },
      "Microsoft.Extensions.DependencyInjection.Abstractions": {
        "type": "Transitive",
        "resolved": "10.0.12",
        "contentHash": "9/qymSh7hVDMGTGwrLz8MRp5zRyXy9adGDOs4HwRdnLil3oZGYuWeZjbmHgCQ9BL1qBroVfgUK3U/nb61617Cw=="
      },
      "Microsoft.Extensions.DependencyModel": {
        "type": "Transitive",
        "resolved": "10.0.10",
        "contentHash": "rfZA1RjR021RPqSmIPovfz2aOd79TGqJ9BengbjnzIISOVwjLmuSDnhCMmiY/1c6iYvGolQ1iNGzkav0u11XEA==",
        "dependencies": {
          "System.Text.Encodings.Web": "10.0.10",
          "System.Text.Json": "10.0.10"
        }
      },
      "Microsoft.Extensions.Diagnostics.Abstractions": {
        "type": "Transitive",
        "resolved": "10.0.12",
        "contentHash": "fMp91qlRlMOuHfMyp7LuAnOS+MOeWTF1obJmyFcs4nZCXu6pr+QB1AbFJcl2qpBltBrqF/Y7+Rn9IuNcSuctig==",
        "dependencies": {
          "Microsoft.Extensions.DependencyInjection.Abstractions": "10.0.12",
          "Microsoft.Extensions.Options": "10.0.12",
          "System.Diagnostics.DiagnosticSource": "10.0.12"
        }
      },
      "Microsoft.Extensions.Diagnostics.HealthChecks.Abstractions": {
        "type": "Transitive",
        "resolved": "10.0.12",
        "contentHash": "oN4AYFq+50m7a65GgRxRqjdynWS6kVQAH6gHKRTfsrLP/aH7RvxIQ7139fjbnrxBwzfZQtZRhlcjvEIiRzihrg=="
      },
      "Microsoft.Extensions.FileProviders.Abstractions": {
        "type": "Transitive",
        "resolved": "10.0.12",
        "contentHash": "iQseV6HixWzEYQH4i++84ToIroXnM5jC1TJF4EqBz3lWNG1HBTMYDLkRb6Wm3wk5V6WqSfl7NukO/LYsloGyfg==",
        "dependencies": {
          "Microsoft.Extensions.Primitives": "10.0.12"
        }
      },
      "Microsoft.Extensions.FileProviders.Physical": {
        "type": "Transitive",
        "resolved": "10.0.12",
        "contentHash": "3cY+wo2+Qe65BVwShhr2fFqZv5Ns73h3kX4mpW3WvSgfT3AWCk0hKArKW4TF7Dg3mvbJdA6RhWPW7FR+PS5/1w==",
        "dependencies": {
          "Microsoft.Extensions.FileProviders.Abstractions": "10.0.12",
          "Microsoft.Extensions.FileSystemGlobbing": "10.0.12",
          "Microsoft.Extensions.Primitives": "10.0.12"
        }
      },
      "Microsoft.Extensions.FileSystemGlobbing": {
        "type": "Transitive",
        "resolved": "10.0.12",
        "contentHash": "45cV+UeI0chPAIXrx9Wv7K4PJXuuIR2pnOur5MOAo6kOFclBHSLLDrvGAxMfWRMtUvpv/kQZkxlgaUN56jwzSQ=="
      },
      "Microsoft.Extensions.Hosting.Abstractions": {
        "type": "Transitive",
        "resolved": "10.0.12",
        "contentHash": "ZlIxIJtWmrph0Ikj0svSaTkZ+d+ZYpTAhazpf1b3aoFRmlNnNWwkcvqnqT9yKHjKvfBRthvUrkq11OxfItOhpg==",
        "dependencies": {
          "Microsoft.Extensions.Configuration.Abstractions": "10.0.12",
          "Microsoft.Extensions.DependencyInjection.Abstractions": "10.0.12",
          "Microsoft.Extensions.Diagnostics.Abstractions": "10.0.12",
          "Microsoft.Extensions.FileProviders.Abstractions": "10.0.12",
          "Microsoft.Extensions.Logging.Abstractions": "10.0.12"
        }
      },
      "Microsoft.Extensions.Logging.Abstractions": {
        "type": "Transitive",
        "resolved": "10.0.12",
        "contentHash": "+24lC4plfbEDNfLAdTV/SWKS7dW+16X4HdydO3R++134kSNTzcbYA4KpR1Hdh6uWisB8Za3AzwyOn+K+NxWIug==",
        "dependencies": {
          "Microsoft.Extensions.DependencyInjection.Abstractions": "10.0.12",
          "System.Diagnostics.DiagnosticSource": "10.0.12"
        }
      },
      "Microsoft.Extensions.Options": {
        "type": "Transitive",
        "resolved": "10.0.12",
        "contentHash": "TDYD33TSRpXKZWlmTXNlj5kCihxatmv2Ec1u6C+bMYLphCS7PoSLE9Pjd/nunDoE7yETk+LLKjVJX78HYtWjpA==",
        "dependencies": {
          "Microsoft.Extensions.DependencyInjection.Abstractions": "10.0.12",
          "Microsoft.Extensions.Primitives": "10.0.12"
        }
      },
      "Microsoft.Extensions.Primitives": {
        "type": "Transitive",
        "resolved": "10.0.12",
        "contentHash": "dYfCLR52UA+3DL7C4I/pvSaRPkNqxrUAQmbFL2u0zvYKKzqgrFCJl08Df+F1aYc8leu9JvpC9bsURUdpExcBXQ=="
      },
      "Microsoft.Identity.Client": {
        "type": "Transitive",
        "resolved": "4.83.1",
        "contentHash": "jOLIrZ3cynoqHLLO1cXplFFabrhrMEYs/EuKHvmCyrOm1axqiVFT6nCSnHxk7w5+d2BeQfCdM12Yf/0X7OeS1g==",
        "dependencies": {
          "Microsoft.IdentityModel.Abstractions": "8.14.0",
          "System.Diagnostics.DiagnosticSource": "6.0.1",
          "System.ValueTuple": "4.5.0"
        }
      },
      "Microsoft.Identity.Client.Extensions.Msal": {
        "type": "Transitive",
        "resolved": "4.83.1",
        "contentHash": "I3k4J4Hj4KbLEFanjeUzzDOVecukETaTgEkJ7h2pP/Yazs6SLp6TVUTo/Eo+ptPXMwvc+iX7rBFtMSUrA7R+Mg==",
        "dependencies": {
          "Microsoft.Identity.Client": "4.83.1",
          "System.Security.Cryptography.ProtectedData": "4.5.0"
        }
      },
      "Microsoft.IdentityModel.Abstractions": {
        "type": "Transitive",
        "resolved": "8.14.0",
        "contentHash": "iwbCpSjD3ehfTwBhtSNEtKPK0ICun6ov7Ibx6ISNA9bfwIyzI2Siwyi9eJFCJBwxowK9xcA1mj+jBWiigeqgcQ=="
      },
      "Microsoft.IdentityModel.JsonWebTokens": {
        "type": "Transitive",
        "resolved": "6.35.0",
        "contentHash": "9wxai3hKgZUb4/NjdRKfQd0QJvtXKDlvmGMYACbEC8DFaicMFCFhQFZq9ZET1kJLwZahf2lfY5Gtcpsx8zYzbg==",
        "dependencies": {
          "Microsoft.IdentityModel.Tokens": "6.35.0",
          "System.Text.Encoding": "4.3.0",
          "System.Text.Encodings.Web": "4.7.2",
          "System.Text.Json": "4.7.2"
        }
      },
      "Microsoft.IdentityModel.Logging": {
        "type": "Transitive",
        "resolved": "6.35.0",
        "contentHash": "jePrSfGAmqT81JDCNSY+fxVWoGuJKt9e6eJ+vT7+quVS55nWl//jGjUQn4eFtVKt4rt5dXaleZdHRB9J9AJZ7Q==",
        "dependencies": {
          "Microsoft.IdentityModel.Abstractions": "6.35.0"
        }
      },
      "Microsoft.IdentityModel.Protocols": {
        "type": "Transitive",
        "resolved": "6.35.0",
        "contentHash": "BPQhlDzdFvv1PzaUxNSk+VEPwezlDEVADIKmyxubw7IiELK18uJ06RQ9QKKkds30XI+gDu9n8j24XQ8w7fjWcg==",
        "dependencies": {
          "Microsoft.IdentityModel.Logging": "6.35.0",
          "Microsoft.IdentityModel.Tokens": "6.35.0"
        }
      },
      "Microsoft.IdentityModel.Protocols.OpenIdConnect": {
        "type": "Transitive",
        "resolved": "6.35.0",
        "contentHash": "LMtVqnECCCdSmyFoCOxIE5tXQqkOLrvGrL7OxHg41DIm1bpWtaCdGyVcTAfOQpJXvzND9zUKIN/lhngPkYR8vg==",
        "dependencies": {
          "Microsoft.IdentityModel.Protocols": "6.35.0",
          "System.IdentityModel.Tokens.Jwt": "6.35.0"
        }
      },
      "Microsoft.IdentityModel.Tokens": {
        "type": "Transitive",
        "resolved": "6.35.0",
        "contentHash": "RN7lvp7s3Boucg1NaNAbqDbxtlLj5Qeb+4uSS1TeK5FSBVM40P4DKaTKChT43sHyKfh7V0zkrMph6DdHvyA4bg==",
        "dependencies": {
          "Microsoft.CSharp": "4.5.0",
          "Microsoft.IdentityModel.Logging": "6.35.0",
          "System.Security.Cryptography.Cng": "4.5.0"
        }
      },
      "Microsoft.NETCore.Platforms": {
        "type": "Transitive",
        "resolved": "1.1.0",
        "contentHash": "kz0PEW2lhqygehI/d6XsPCQzD7ff7gUJaVGPVETX611eadGsA3A877GdSlU0LRVMCTH/+P3o2iDTak+S08V2+A=="
      },
      "Microsoft.NETCore.Targets": {
        "type": "Transitive",
        "resolved": "1.1.0",
        "contentHash": "aOZA3BWfz9RXjpzt0sRJJMjAscAUm3Hoa4UWAfceV9UTYxgwZ1lZt5nO2myFf+/jetYQo4uTP7zS8sJY67BBxg=="
      },
      "Microsoft.SqlServer.Server": {
        "type": "Transitive",
        "resolved": "1.0.0",
        "contentHash": "N4KeF3cpcm1PUHym1RmakkzfkEv3GRMyofVv40uXsQhCQeglr2OHNcUk2WOG51AKpGO8ynGpo9M/kFXSzghwug=="
      },
      "Microsoft.Testing.Extensions.CodeCoverage": {
        "type": "Transitive",
        "resolved": "18.11.2",
        "contentHash": "bT6awBEUR+fjPpeLAN++4qx5q0sgA9SeJt6QfijnFFPxNSr68BYsYFMQH8L8kY6vMJd3fuvFAFBht4JtWQcWtQ==",
        "dependencies": {
          "Microsoft.DiaSymReader": "2.2.10",
          "Microsoft.Extensions.DependencyModel": "10.0.10",
          "Microsoft.Testing.Platform": "2.4.0",
          "System.IO.Pipelines": "10.0.10",
          "System.Text.Encodings.Web": "10.0.10",
          "System.Text.Json": "10.0.10"
        }
      },
      "Microsoft.Testing.Extensions.Telemetry": {
        "type": "Transitive",
        "resolved": "2.4.1",
        "contentHash": "C+bq5ydHrBNCDXjvFtRa1/JcAS2Wq2dpXOnzy/TFYC8qb1dDEgB1XhQayBaYE/5BKviikByHb7mth8P+qJaOJw==",
        "dependencies": {
          "Microsoft.ApplicationInsights": "2.23.0",
          "Microsoft.Testing.Platform": "[2.4.1, 3.0.0)"
        }
      },
      "Microsoft.Testing.Extensions.TrxReport": {
        "type": "Transitive",
        "resolved": "2.4.1",
        "contentHash": "KGAvJKRqhod45ecH4L1cCKIjGrzziUcLo3L4hRlfOg/Ww2Q7MnA30qHY2rnKzGyLVWf91tc2VleGe8c33FmPaQ==",
        "dependencies": {
          "Microsoft.Testing.Extensions.TrxReport.Abstractions": "2.4.1",
          "Microsoft.Testing.Platform": "[2.4.1, 3.0.0)"
        }
      },
      "Microsoft.Testing.Extensions.TrxReport.Abstractions": {
        "type": "Transitive",
        "resolved": "2.4.1",
        "contentHash": "tDxLLic2IfeChbyo8oeGZj/eBdFpPe3Dp80hUoIOefSCqqMHbsob+lX1TfFWV75PJCPouxj2zz0zzPHZxiM4nQ==",
        "dependencies": {
          "Microsoft.Testing.Platform": "[2.4.1, 3.0.0)"
        }
      },
      "Microsoft.Testing.Platform": {
        "type": "Transitive",
        "resolved": "2.4.1",
        "contentHash": "3nW9NyhN1BnHRF994DCOOUQCqVA9pDT+gPpbuhI/xUntZnGnXO4ySovKxFlFuoT/48pnI74LK/DeKVlve1L3VQ=="
      },
      "Microsoft.Testing.Platform.MSBuild": {
        "type": "Transitive",
        "resolved": "2.4.1",
        "contentHash": "K4W2hAATe9wA1xt4oEZWmUsnQqnLD5H18NXKsm81xclf9PI4AHieb3DxJpE/2uA6Xl9DtjpLXif7/9Sn8Y2y7w==",
        "dependencies": {
          "Microsoft.Testing.Platform": "[2.4.1, 3.0.0)"
        }
      },
      "Microsoft.Win32.SystemEvents": {
        "type": "Transitive",
        "resolved": "6.0.0",
        "contentHash": "hqTM5628jSsQiv+HGpiq3WKBl2c8v1KZfby2J6Pr7pEPlK9waPdgEO6b8A/+/xn/yZ9ulv8HuqK71ONy2tg67A=="
      },
      "Mono.TextTemplating": {
        "type": "Transitive",
        "resolved": "2.2.1",
        "contentHash": "KZYeKBET/2Z0gY1WlTAK7+RHTl7GSbtvTLDXEZZojUdAPqpQNDL6tHv7VUpqfX5VEOh+uRGKaZXkuD253nEOBQ==",
        "dependencies": {
          "System.CodeDom": "4.4.0"
        }
      },
      "System.ClientModel": {
        "type": "Transitive",
        "resolved": "1.13.0",
        "contentHash": "UneZiqYV3vmsCQJ2bO3fEzSGqK84kxEOOLN0OGDxxhAzef91gZLBQ5J8tgP0oTuwYmUSvwXGzvuq3Cvkedv8tA==",
        "dependencies": {
          "Microsoft.Extensions.Configuration.Abstractions": "10.0.3",
          "Microsoft.Extensions.Hosting.Abstractions": "10.0.3",
          "Microsoft.Extensions.Logging.Abstractions": "10.0.3",
          "System.Diagnostics.DiagnosticSource": "10.0.3",
          "System.Memory.Data": "10.0.3",
          "System.Text.Json": "10.0.3"
        }
      },
      "System.CodeDom": {
        "type": "Transitive",
        "resolved": "4.4.0",
        "contentHash": "2sCCb7doXEwtYAbqzbF/8UAeDRMNmPaQbU2q50Psg1J9KzumyVVCgKQY8s53WIPTufNT0DpSe9QRvVjOzfDWBA=="
      },
      "System.Collections.Immutable": {
        "type": "Transitive",
        "resolved": "9.0.0",
        "contentHash": "QhkXUl2gNrQtvPmtBTQHb0YsUrDiDQ2QS09YbtTTiSjGcf7NBqtYbrG/BE06zcBPCKEwQGzIv13IVdXNOSub2w=="
      },
      "System.Composition": {
        "type": "Transitive",
        "resolved": "6.0.0",
        "contentHash": "d7wMuKQtfsxUa7S13tITC8n1cQzewuhD5iDjZtK2prwFfKVzdYtgrTHgjaV03Zq7feGQ5gkP85tJJntXwInsJA==",
        "dependencies": {
          "System.Composition.AttributedModel": "6.0.0",
          "System.Composition.Convention": "6.0.0",
          "System.Composition.Hosting": "6.0.0",
          "System.Composition.Runtime": "6.0.0",
          "System.Composition.TypedParts": "6.0.0"
        }
      },
      "System.Composition.AttributedModel": {
        "type": "Transitive",
        "resolved": "6.0.0",
        "contentHash": "WK1nSDLByK/4VoC7fkNiFuTVEiperuCN/Hyn+VN30R+W2ijO1d0Z2Qm0ScEl9xkSn1G2MyapJi8xpf4R8WRa/w=="
      },
      "System.Composition.Convention": {
        "type": "Transitive",
        "resolved": "6.0.0",
        "contentHash": "XYi4lPRdu5bM4JVJ3/UIHAiG6V6lWWUlkhB9ab4IOq0FrRsp0F4wTyV4Dj+Ds+efoXJ3qbLqlvaUozDO7OLeXA==",
        "dependencies": {
          "System.Composition.AttributedModel": "6.0.0"
        }
      },
      "System.Composition.Hosting": {
        "type": "Transitive",
        "resolved": "6.0.0",
        "contentHash": "w/wXjj7kvxuHPLdzZ0PAUt++qJl03t7lENmb2Oev0n3zbxyNULbWBlnd5J5WUMMv15kg5o+/TCZFb6lSwfaUUQ==",
        "dependencies": {
          "System.Composition.Runtime": "6.0.0"
        }
      },
      "System.Composition.Runtime": {
        "type": "Transitive",
        "resolved": "6.0.0",
        "contentHash": "qkRH/YBaMPTnzxrS5RDk1juvqed4A6HOD/CwRcDGyPpYps1J27waBddiiq1y93jk2ZZ9wuA/kynM+NO0kb3PKg=="
      },
      "System.Composition.TypedParts": {
        "type": "Transitive",
        "resolved": "6.0.0",
        "contentHash": "iUR1eHrL8Cwd82neQCJ00MpwNIBs4NZgXzrPqx8NJf/k4+mwBO0XCRmHYJT4OLSwDDqh5nBLJWkz5cROnrGhRA==",
        "dependencies": {
          "System.Composition.AttributedModel": "6.0.0",
          "System.Composition.Hosting": "6.0.0",
          "System.Composition.Runtime": "6.0.0"
        }
      },
      "System.Configuration.ConfigurationManager": {
        "type": "Transitive",
        "resolved": "6.0.1",
        "contentHash": "jXw9MlUu/kRfEU0WyTptAVueupqIeE3/rl0EZDMlf8pcvJnitQ8HeVEp69rZdaStXwTV72boi/Bhw8lOeO+U2w==",
        "dependencies": {
          "System.Security.Cryptography.ProtectedData": "6.0.0",
          "System.Security.Permissions": "6.0.0"
        }
      },
      "System.Diagnostics.DiagnosticSource": {
        "type": "Transitive",
        "resolved": "10.0.12",
        "contentHash": "CRZTWYO0rzEcJN/6SuN1kMvQOJT7vyHZ64CCkQs0RRWTj7kH2KMkaMalbsbSI/eg5dS5JAQfQFFuuWgn+XRMsQ=="
      },
      "System.Drawing.Common": {
        "type": "Transitive",
        "resolved": "6.0.0",
        "contentHash": "NfuoKUiP2nUWwKZN6twGqXioIe1zVD0RIj2t976A+czLHr2nY454RwwXs6JU9Htc6mwqL6Dn/nEL3dpVf2jOhg==",
        "dependencies": {
          "Microsoft.Win32.SystemEvents": "6.0.0"
        }
      },
      "System.Formats.Asn1": {
        "type": "Transitive",
        "resolved": "8.0.2",
        "contentHash": "yUsFqNGa7tbwm5QOOnOR3VSoh8a0Yki39mTbhOnErdbg8hVSFtrK0EXerj286PXcegiF1LkE7lL++qqMZW5jIQ=="
      },
      "System.IdentityModel.Tokens.Jwt": {
        "type": "Transitive",
        "resolved": "6.35.0",
        "contentHash": "yxGIQd3BFK7F6S62/7RdZk3C/mfwyVxvh6ngd1VYMBmbJ1YZZA9+Ku6suylVtso0FjI0wbElpJ0d27CdsyLpBQ==",
        "dependencies": {
          "Microsoft.IdentityModel.JsonWebTokens": "6.35.0",
          "Microsoft.IdentityModel.Tokens": "6.35.0"
        }
      },
      "System.IO.Pipelines": {
        "type": "Transitive",
        "resolved": "10.0.12",
        "contentHash": "5e8M112rzbW5xKNXKipNFoTgM330QS6S6+UA6CaDyr/KDrow8bzfvOPFA4S05QC3n/m096oj+pfttvme6I0YyA=="
      },
      "System.Memory.Data": {
        "type": "Transitive",
        "resolved": "10.0.3",
        "contentHash": "MaGhRfGunmrj/nHjtsi9XkhlYJ/ERGWrbA+BiSKNtGnAjc9XlG5EhAvak6VRcX5LYzPF6pBO8nJ613dTgzabig==",
        "dependencies": {
          "System.Text.Json": "10.0.3"
        }
      },
      "System.Reflection.Metadata": {
        "type": "Transitive",
        "resolved": "9.0.0",
        "contentHash": "ANiqLu3DxW9kol/hMmTWbt3414t9ftdIuiIU7j80okq2YzAueo120M442xk1kDJWtmZTqWQn7wHDvMRipVOEOQ==",
        "dependencies": {
          "System.Collections.Immutable": "9.0.0"
        }
      },
      "System.Runtime": {
        "type": "Transitive",
        "resolved": "4.3.0",
        "contentHash": "JufQi0vPQ0xGnAczR13AUFglDyVYt4Kqnz1AZaiKZ5+GICq0/1MH/mO/eAJHt/mHW1zjKBJd7kV26SrxddAhiw==",
        "dependencies": {
          "Microsoft.NETCore.Platforms": "1.1.0",
          "Microsoft.NETCore.Targets": "1.1.0"
        }
      },
      "System.Runtime.Caching": {
        "type": "Transitive",
        "resolved": "6.0.0",
        "contentHash": "E0e03kUp5X2k+UAoVl6efmI7uU7JRBWi5EIdlQ7cr0NpBGjHG4fWII35PgsBY9T4fJQ8E4QPsL0rKksU9gcL5A==",
        "dependencies": {
          "System.Configuration.ConfigurationManager": "6.0.0"
        }
      },
      "System.Runtime.CompilerServices.Unsafe": {
        "type": "Transitive",
        "resolved": "6.0.0",
        "contentHash": "/iUeP3tq1S0XdNNoMz5C9twLSrM/TH+qElHkXWaPvuNOt+99G75NrV0OS2EqHx5wMN7popYjpc8oTjC1y16DLg=="
      },
      "System.Security.AccessControl": {
        "type": "Transitive",
        "resolved": "6.0.0",
        "contentHash": "AUADIc0LIEQe7MzC+I0cl0rAT8RrTAKFHl53yHjEUzNVIaUlhFY11vc2ebiVJzVBuOzun6F7FBA+8KAbGTTedQ=="
      },
      "System.Security.Cryptography.Cng": {
        "type": "Transitive",
        "resolved": "4.5.0",
        "contentHash": "WG3r7EyjUe9CMPFSs6bty5doUqT+q9pbI80hlNzo2SkPkZ4VTuZkGWjpp77JB8+uaL4DFPRdBsAY+DX3dBK92A=="
      },
      "System.Security.Cryptography.ProtectedData": {
        "type": "Transitive",
        "resolved": "6.0.0",
        "contentHash": "rp1gMNEZpvx9vP0JW0oHLxlf8oSiQgtno77Y4PLUBjSiDYoD77Y8uXHr1Ea5XG4/pIKhqAdxZ8v8OTUtqo9PeQ=="
      },
      "System.Security.Permissions": {
        "type": "Transitive",
        "resolved": "6.0.0",
        "contentHash": "T/uuc7AklkDoxmcJ7LGkyX1CcSviZuLCa4jg3PekfJ7SU0niF0IVTXwUiNVP9DSpzou2PpxJ+eNY2IfDM90ZCg==",
        "dependencies": {
          "System.Security.AccessControl": "6.0.0",
          "System.Windows.Extensions": "6.0.0"
        }
      },
      "System.Security.Principal.Windows": {
        "type": "Transitive",
        "resolved": "5.0.0",
        "contentHash": "t0MGLukB5WAVU9bO3MGzvlGnyJPgUlcwerXn1kzBRjwLKixT96XV0Uza41W49gVd8zEMFu9vQEFlv0IOrytICA=="
      },
      "System.Text.Encoding": {
        "type": "Transitive",
        "resolved": "4.3.0",
        "contentHash": "BiIg+KWaSDOITze6jGQynxg64naAPtqGHBwDrLaCtixsa5bKiR8dpPOHA7ge3C0JJQizJE+sfkz1wV+BAKAYZw==",
        "dependencies": {
          "Microsoft.NETCore.Platforms": "1.1.0",
          "Microsoft.NETCore.Targets": "1.1.0",
          "System.Runtime": "4.3.0"
        }
      },
      "System.Text.Encoding.CodePages": {
        "type": "Transitive",
        "resolved": "6.0.0",
        "contentHash": "ZFCILZuOvtKPauZ/j/swhvw68ZRi9ATCfvGbk1QfydmcXBkIWecWKn/250UH7rahZ5OoDBaiAudJtPvLwzw85A==",
        "dependencies": {
          "System.Runtime.CompilerServices.Unsafe": "6.0.0"
        }
      },
      "System.Text.Encodings.Web": {
        "type": "Transitive",
        "resolved": "10.0.12",
        "contentHash": "5wdXVVbJ5TH6YdKJYM0CHvQOY6SiCCeQ3KyLRx9daWag0cT9g4FT5CGN2qCNWbHZkqaCOEPRiA0uCBARB5Vk7w=="
      },
      "System.Text.Json": {
        "type": "Transitive",
        "resolved": "10.0.12",
        "contentHash": "AHlVpUiY96eC6Oar1Gf0YbafU7E2NUU9D80O2Xk5v7ryL3kpSsbI0EusJBE8kQfwPuDdUDoKUItArzXQHxomCg==",
        "dependencies": {
          "System.IO.Pipelines": "10.0.12",
          "System.Text.Encodings.Web": "10.0.12"
        }
      },
      "System.Threading.Channels": {
        "type": "Transitive",
        "resolved": "9.0.0",
        "contentHash": "hzACdIf1C+4Dqos5ijV404b94+LqfIC8nfS3mNpCDFWowb1N3PNfJPopneq32ahWlDeyaPZJqjBk76YFR69Rpg=="
      },
      "System.ValueTuple": {
        "type": "Transitive",
        "resolved": "4.5.0",
        "contentHash": "okurQJO6NRE/apDIP23ajJ0hpiNmJ+f0BwOlB/cSqTLQlw5upkf+5+96+iG2Jw40G1fCVCyPz/FhIABUjMR+RQ=="
      },
      "System.Windows.Extensions": {
        "type": "Transitive",
        "resolved": "6.0.0",
        "contentHash": "IXoJOXIqc39AIe+CIR7koBtRGMiCt/LPM3lI+PELtDIy9XdyeSrwXFdWV9dzJ2Awl0paLWUaknLxFQ5HpHZUog==",
        "dependencies": {
          "System.Drawing.Common": "6.0.0"
        }
      },
      "TUnit.Assertions": {
        "type": "Transitive",
        "resolved": "1.72.16",
        "contentHash": "L/rPBeYGK0P/X5WPjiJSVZAwjjalRw79A/P8aQgHa1sOJhVeKf8uuLXBXrbvF6L88+jJ8ZmZRGCXed1zIqVyLg=="
      },
      "TUnit.Core": {
        "type": "Transitive",
        "resolved": "1.72.16",
        "contentHash": "jy6nV4Pa/MmLQt9a1qgaqm3Fq1K6Fy/wn4MKIbDkVXleoAxkODYmtaiK5v8TgFfLhgfprePi7A/NRV9cvo4icw=="
      },
      "TUnit.Engine": {
        "type": "Transitive",
        "resolved": "1.72.16",
        "contentHash": "0MRKkUnmhhSvrU70UrdgbSUvloxmnr/Mn/4Sid4KkWpixCLQmoboYhBn9rFALZVrNRs6K5SA61qcDA4jYFzq0Q==",
        "dependencies": {
          "Microsoft.Testing.Extensions.TrxReport.Abstractions": "2.4.1",
          "Microsoft.Testing.Platform": "2.4.1",
          "Microsoft.Testing.Platform.MSBuild": "2.4.1",
          "System.Threading.Channels": "9.0.0",
          "TUnit.Core": "1.72.16"
        }
      },
      "tec.orm": {
        "type": "Project",
        "dependencies": {
          "TEC.Core": "[0.0.1, )"
        }
      },
      "tec.orm.mapping.generator": {
        "type": "Project"
      },
      "tec.orm.sqlserver": {
        "type": "Project",
        "dependencies": {
          "Dapper": "[2.1.89, )",
          "Microsoft.EntityFrameworkCore.SqlServer": "[8.0.31, )",
          "Microsoft.Extensions.Diagnostics.HealthChecks": "[10.0.12, )",
          "TEC.Cqrs": "[0.0.1, )",
          "TEC.ORM": "[0.0.1, )",
          "TEC.Vault": "[0.0.1, )"
        }
      },
      "Dapper": {
        "type": "CentralTransitive",
        "requested": "[2.1.89, )",
        "resolved": "2.1.89",
        "contentHash": "1VjFE664wnxvuhlgP8kS4PeFFF4jqD3VkbIHW6Zlc52zuibgcz5ICnIHcQXlTp6pURpPNGLV0ZpNe5x9KePJnA=="
      },
      "Microsoft.CodeAnalysis.Analyzers": {
        "type": "CentralTransitive",
        "requested": "[3.11.0, )",
        "resolved": "3.11.0",
        "contentHash": "v/EW3UE8/lbEYHoC2Qq7AR/DnmvpgdtAMndfQNmpuIMx/Mto8L5JnuCfdBYtgvalQOtfNCnxFejxuRrryvUTsg=="
      },
      "Microsoft.EntityFrameworkCore.SqlServer": {
        "type": "CentralTransitive",
        "requested": "[8.0.31, )",
        "resolved": "8.0.31",
        "contentHash": "kZ3uDLXr8Eafz98lEbyNjFI6lQCwwlmExE9BbhICoq5vV6NSmb5lvnjo4253BmK+XOo5OQ0JAerkUgjEPqRmCQ==",
        "dependencies": {
          "Microsoft.Data.SqlClient": "5.1.9",
          "Microsoft.EntityFrameworkCore.Relational": "8.0.31",
          "System.Formats.Asn1": "8.0.2"
        }
      },
      "Microsoft.Extensions.Diagnostics.HealthChecks": {
        "type": "CentralTransitive",
        "requested": "[10.0.12, )",
        "resolved": "10.0.12",
        "contentHash": "Ck8nkBxEYPOGtUCp0whKwfE4qAHBnsK0DY1kgZLKvzf7s9xyr4lASa4K4AKNN1VHy7r3Z1Z57U6C0TMzFjD8ig==",
        "dependencies": {
          "Microsoft.Bcl.AsyncInterfaces": "10.0.12",
          "Microsoft.Extensions.Diagnostics.HealthChecks.Abstractions": "10.0.12",
          "Microsoft.Extensions.Hosting.Abstractions": "10.0.12",
          "Microsoft.Extensions.Logging.Abstractions": "10.0.12",
          "Microsoft.Extensions.Options": "10.0.12"
        }
      },
      "TEC.Core": {
        "type": "CentralTransitive",
        "requested": "[0.0.1, )",
        "resolved": "0.0.1",
        "contentHash": "P9BWPxvzwUQDEiMR377d+Y4IX57tC0VVzi+JMILfUZpY/22MI/wFf8DbtfVr8yEUAoyA3kBszivLrzsMOsV1BQ==",
        "dependencies": {
          "Microsoft.Extensions.DependencyInjection.Abstractions": "10.0.12"
        }
      },
      "TEC.Cqrs": {
        "type": "CentralTransitive",
        "requested": "[0.0.1, )",
        "resolved": "0.0.1",
        "contentHash": "JCtHoTGB4Zhe2mq5Waspm/+Im23SVWpzvnOAN/odRKWd3d+xqO1O7FOKsH3a7eUDkdXfZ5MmzPu+HPzuHHbEQA==",
        "dependencies": {
          "Microsoft.Extensions.Logging.Abstractions": "10.0.12",
          "TEC.Core": "0.0.1"
        }
      },
      "TEC.Vault": {
        "type": "CentralTransitive",
        "requested": "[0.0.1, )",
        "resolved": "0.0.1",
        "contentHash": "TrC/I+FYBD4ZCDpKJ1QTj8/bQr0lphtcW9tLAVWDoGE4vT2h0n/yid5tVHgxnUett+CUCMAJknsX6XQoJXn9dg==",
        "dependencies": {
          "Microsoft.Extensions.Caching.Memory": "10.0.12",
          "Microsoft.Extensions.Configuration": "10.0.12",
          "Microsoft.Extensions.Diagnostics.HealthChecks": "10.0.12",
          "Microsoft.Extensions.Hosting.Abstractions": "10.0.12",
          "Microsoft.Extensions.Logging.Abstractions": "10.0.12",
          "TEC.Core": "0.0.1"
        }
      }
    }
  }
}